
Microsoft Visual Studio Solution File, Format Version 12.00
# Visual Studio Version 17
VisualStudioVersion = 17.2.32630.192
MinimumVisualStudioVersion = 10.0.40219.1
Project("{FAE04EC0-301F-11D3-BF4B-00C04F79EFBC}") = "Tasks6", "Tasks6\Tasks6.csproj", "{FB139965-7E17-43F4-AE08-F9D34DA6B935}"
EndProject
Project("{FAE04EC0-301F-11D3-BF4B-00C04F79EFBC}") = "HomeWorkUtils", "Name\HomeWorkUtils.csproj", "{C6FA0DA1-015B-4D03-918C-EE0C024A490C}"
EndProject
Global
	GlobalSection(SolutionConfigurationPlatforms) = preSolution
		Debug|Any CPU = Debug|Any CPU
		Release|Any CPU = Release|Any CPU
	EndGlobalSection
	GlobalSection(ProjectConfigurationPlatforms) = postSolution
		{FB139965-7E17-43F4-AE08-F9D34DA6B935}.Debug|Any CPU.ActiveCfg = Debug|Any CPU
		{FB139965-7E17-43F4-AE08-F9D34DA6B935}.Debug|Any CPU.Build.0 = Debug|Any CPU
		{FB139965-7E17-43F4-AE08-F9D34DA6B935}.Release|Any CPU.ActiveCfg = Release|Any CPU
		{FB139965-7E17-43F4-AE08-F9D34DA6B935}.Release|Any CPU.Build.0 = Release|Any CPU
		{C6FA0DA1-015B-4D03-918C-EE0C024A490C}.Debug|Any CPU.ActiveCfg = Debug|Any CPU
		{C6FA0DA1-015B-4D03-918C-EE0C024A490C}.Debug|Any CPU.Build.0 = Debug|Any CPU
		{C6FA0DA1-015B-4D03-918C-EE0C024A490C}.Release|Any CPU.ActiveCfg = Release|Any CPU
		{C6FA0DA1-015B-4D03-918C-EE0C024A490C}.Release|Any CPU.Build.0 = Release|Any CPU
	EndGlobalSection
	GlobalSection(SolutionProperties) = preSolution
		HideSolutionNode = FALSE
	EndGlobalSection
	GlobalSection(ExtensibilityGlobals) = postSolution
		SolutionGuid = {2BC3C886-FAA6-4D68-8D16-6A44BD024307}
	EndGlobalSection
EndGlobal
